// !$*UTF8*$!
{
	archiveVersion = 1;
	classes = {
	};
	objectVersion = 56;
	objects = {

/* Begin PBXBuildFile section */
		21BCD0822BF31BFF00369840 /* What Day? Watch Watch App.app in Embed Watch Content */ = {isa = PBXBuildFile; fileRef = 21BCD0812BF31BFF00369840 /* What Day? Watch Watch App.app */; settings = {ATTRIBUTES = (RemoveHeadersOnCopy, ); }; };
		21BCD0872BF31BFF00369840 /* What_Day__WatchApp.swift in Sources */ = {isa = PBXBuildFile; fileRef = 21BCD0862BF31BFF00369840 /* What_Day__WatchApp.swift */; };
		21BCD0892BF31BFF00369840 /* ContentView.swift in Sources */ = {isa = PBXBuildFile; fileRef = 21BCD0882BF31BFF00369840 /* ContentView.swift */; };
		21BCD08B2BF31C0000369840 /* Assets.xcassets in Resources */ = {isa = PBXBuildFile; fileRef = 21BCD08A2BF31C0000369840 /* Assets.xcassets */; };
		21BCD08E2BF31C0000369840 /* Preview Assets.xcassets in Resources */ = {isa = PBXBuildFile; fileRef = 21BCD08D2BF31C0000369840 /* Preview Assets.xcassets */; };
/* End PBXBuildFile section */

/* Begin PBXContainerItemProxy section */
		21BCD0832BF31BFF00369840 /* PBXContainerItemProxy */ = {
			isa = PBXContainerItemProxy;
			containerPortal = 21BCD0752BF31BFE00369840 /* Project object */;
			proxyType = 1;
			remoteGlobalIDString = 21BCD0802BF31BFF00369840;
			remoteInfo = "What Day? Watch Watch App";
		};
/* End PBXContainerItemProxy section */

/* Begin PBXCopyFilesBuildPhase section */
		21BCD0942BF31C0000369840 /* Embed Watch Content */ = {
			isa = PBXCopyFilesBuildPhase;
			buildActionMask = 2147483647;
			dstPath = "$(CONTENTS_FOLDER_PATH)/Watch";
			dstSubfolderSpec = 16;
			files = (
				21BCD0822BF31BFF00369840 /* What Day? Watch Watch App.app in Embed Watch Content */,
			);
			name = "Embed Watch Content";
			runOnlyForDeploymentPostprocessing = 0;
		};
/* End PBXCopyFilesBuildPhase section */

/* Begin PBXFileReference section */
		21BCD07B2BF31BFF00369840 /* What Day? Watch.app */ = {isa = PBXFileReference; explicitFileType = wrapper.application; includeInIndex = 0; path = "What Day? Watch.app"; sourceTree = BUILT_PRODUCTS_DIR; };
		21BCD0812BF31BFF00369840 /* What Day? Watch Watch App.app */ = {isa = PBXFileReference; explicitFileType = wrapper.application; includeInIndex = 0; path = "What Day? Watch Watch App.app"; sourceTree = BUILT_PRODUCTS_DIR; };
		21BCD0862BF31BFF00369840 /* What_Day__WatchApp.swift */ = {isa = PBXFileReference; lastKnownFileType = sourcecode.swift; path = What_Day__WatchApp.swift; sourceTree = "<group>"; };
		21BCD0882BF31BFF00369840 /* ContentView.swift */ = {isa = PBXFileReference; lastKnownFileType = sourcecode.swift; path = ContentView.swift; sourceTree = "<group>"; };
		21BCD08A2BF31C0000369840 /* Assets.xcassets */ = {isa = PBXFileReference; lastKnownFileType = folder.assetcatalog; path = Assets.xcassets; sourceTree = "<group>"; };
		21BCD08D2BF31C0000369840 /* Preview Assets.xcassets */ = {isa = PBXFileReference; lastKnownFileType = folder.assetcatalog; path = "Preview Assets.xcassets"; sourceTree = "<group>"; };
/* End PBXFileReference section */

/* Begin PBXFrameworksBuildPhase section */
		21BCD07E2BF31BFF00369840 /* Frameworks */ = {
			isa = PBXFrameworksBuildPhase;
			buildActionMask = 2147483647;
			files = (
			);
			runOnlyForDeploymentPostprocessing = 0;
		};
/* End PBXFrameworksBuildPhase section */

/* Begin PBXGroup section */
		21BCD0742BF31BFE00369840 = {
			isa = PBXGroup;
			children = (
				21BCD0852BF31BFF00369840 /* What Day? Watch Watch App */,
				21BCD07C2BF31BFF00369840 /* Products */,
			);
			sourceTree = "<group>";
		};
		21BCD07C2BF31BFF00369840 /* Products */ = {
			isa = PBXGroup;
			children = (
				21BCD07B2BF31BFF00369840 /* What Day? Watch.app */,
				21BCD0812BF31BFF00369840 /* What Day? Watch Watch App.app */,
			);
			name = Products;
			sourceTree = "<group>";
		};
		21BCD0852BF31BFF00369840 /* What Day? Watch Watch App */ = {
			isa = PBXGroup;
			children = (
				21BCD0862BF31BFF00369840 /* What_Day__WatchApp.swift */,
				21BCD0882BF31BFF00369840 /* ContentView.swift */,
				21BCD08A2BF31C0000369840 /* Assets.xcassets */,
				21BCD08C2BF31C0000369840 /* Preview Content */,
			);
			path = "What Day? Watch Watch App";
			sourceTree = "<group>";
		};
		21BCD08C2BF31C0000369840 /* Preview Content */ = {
			isa = PBXGroup;
			children = (
				21BCD08D2BF31C0000369840 /* Preview Assets.xcassets */,
			);
			path = "Preview Content";
			sourceTree = "<group>";
		};
/* End PBXGroup section */

/* Begin PBXNativeTarget section */
		21BCD07A2BF31BFF00369840 /* What Day? Watch */ = {
			isa = PBXNativeTarget;
			buildConfigurationList = 21BCD0952BF31C0000369840 /* Build configuration list for PBXNativeTarget "What Day? Watch" */;
			buildPhases = (
				21BCD0792BF31BFF00369840 /* Resources */,
				21BCD0942BF31C0000369840 /* Embed Watch Content */,
			);
			buildRules = (
			);
			dependencies = (
				21BCD0842BF31BFF00369840 /* PBXTargetDependency */,
			);
			name = "What Day? Watch";
			productName = "What Day? Watch";
			productReference = 21BCD07B2BF31BFF00369840 /* What Day? Watch.app */;
			productType = "com.apple.product-type.application.watchapp2-container";
		};
		21BCD0802BF31BFF00369840 /* What Day? Watch Watch App */ = {
			isa = PBXNativeTarget;
			buildConfigurationList = 21BCD0912BF31C0000369840 /* Build configuration list for PBXNativeTarget "What Day? Watch Watch App" */;
			buildPhases = (
				21BCD07D2BF31BFF00369840 /* Sources */,
				21BCD07E2BF31BFF00369840 /* Frameworks */,
				21BCD07F2BF31BFF00369840 /* Resources */,
			);
			buildRules = (
			);
			dependencies = (
			);
			name = "What Day? Watch Watch App";
			productName = "What Day? Watch Watch App";
			productReference = 21BCD0812BF31BFF00369840 /* What Day? Watch Watch App.app */;
			productType = "com.apple.product-type.application";
		};
/* End PBXNativeTarget section */

/* Begin PBXProject section */
		21BCD0752BF31BFE00369840 /* Project object */ = {
			isa = PBXProject;
			attributes = {
				BuildIndependentTargetsInParallel = 1;
				LastSwiftUpdateCheck = 1530;
				LastUpgradeCheck = 1530;
				TargetAttributes = {
					21BCD07A2BF31BFF00369840 = {
						CreatedOnToolsVersion = 15.3;
					};
					21BCD0802BF31BFF00369840 = {
						CreatedOnToolsVersion = 15.3;
					};
				};
			};
			buildConfigurationList = 21BCD0782BF31BFE00369840 /* Build configuration list for PBXProject "What Day? Watch" */;
			compatibilityVersion = "Xcode 14.0";
			developmentRegion = en;
			hasScannedForEncodings = 0;
			knownRegions = (
				en,
				Base,
			);
			mainGroup = 21BCD0742BF31BFE00369840;
			productRefGroup = 21BCD07C2BF31BFF00369840 /* Products */;
			projectDirPath = "";
			projectRoot = "";
			targets = (
				21BCD07A2BF31BFF00369840 /* What Day? Watch */,
				21BCD0802BF31BFF00369840 /* What Day? Watch Watch App */,
			);
		};
/* End PBXProject section */

/* Begin PBXResourcesBuildPhase section */
		21BCD0792BF31BFF00369840 /* Resources */ = {
			isa = PBXResourcesBuildPhase;
			buildActionMask = 2147483647;
			files = (
			);
			runOnlyForDeploymentPostprocessing = 0;
		};
		21BCD07F2BF31BFF00369840 /* Resources */ = {
			isa = PBXResourcesBuildPhase;
			buildActionMask = 2147483647;
			files = (
				21BCD08E2BF31C0000369840 /* Preview Assets.xcassets in Resources */,
				21BCD08B2BF31C0000369840 /* Assets.xcassets in Resources */,
			);
			runOnlyForDeploymentPostprocessing = 0;
		};
/* End PBXResourcesBuildPhase section */

/* Begin PBXSourcesBuildPhase section */
		21BCD07D2BF31BFF00369840 /* Sources */ = {
			isa = PBXSourcesBuildPhase;
			buildActionMask = 2147483647;
			files = (
				21BCD0892BF31BFF00369840 /* ContentView.swift in Sources */,
				21BCD0872BF31BFF00369840 /* What_Day__WatchApp.swift in Sources */,
			);
			runOnlyForDeploymentPostprocessing = 0;
		};
/* End PBXSourcesBuildPhase section */

/* Begin PBXTargetDependency section */
		21BCD0842BF31BFF00369840 /* PBXTargetDependency */ = {
			isa = PBXTargetDependency;
			target = 21BCD0802BF31BFF00369840 /* What Day? Watch Watch App */;
			targetProxy = 21BCD0832BF31BFF00369840 /* PBXContainerItemProxy */;
		};
/* End PBXTargetDependency section */

/* Begin XCBuildConfiguration section */
		21BCD08F2BF31C0000369840 /* Debug */ = {
			isa = XCBuildConfiguration;
			buildSettings = {
				ALWAYS_SEARCH_USER_PATHS = NO;
				ASSETCATALOG_COMPILER_GENERATE_SWIFT_ASSET_SYMBOL_EXTENSIONS = YES;
				CLANG_ANALYZER_NONNULL = YES;
				CLANG_ANALYZER_NUMBER_OBJECT_CONVERSION = YES_AGGRESSIVE;
				CLANG_CXX_LANGUAGE_STANDARD = "gnu++20";
				CLANG_ENABLE_MODULES = YES;
				CLANG_ENABLE_OBJC_ARC = YES;
				CLANG_ENABLE_OBJC_WEAK = YES;
				CLANG_WARN_BLOCK_CAPTURE_AUTORELEASING = YES;
				CLANG_WARN_BOOL_CONVERSION = YES;
				CLANG_WARN_COMMA = YES;
				CLANG_WARN_CONSTANT_CONVERSION = YES;
				CLANG_WARN_DEPRECATED_OBJC_IMPLEMENTATIONS = YES;
				CLANG_WARN_DIRECT_OBJC_ISA_USAGE = YES_ERROR;
				CLANG_WARN_DOCUMENTATION_COMMENTS = YES;
				CLANG_WARN_EMPTY_BODY = YES;
				CLANG_WARN_ENUM_CONVERSION = YES;
				CLANG_WARN_INFINITE_RECURSION = YES;
				CLANG_WARN_INT_CONVERSION = YES;
				CLANG_WARN_NON_LITERAL_NULL_CONVERSION = YES;
				CLANG_WARN_OBJC_IMPLICIT_RETAIN_SELF = YES;
				CLANG_WARN_OBJC_LITERAL_CONVERSION = YES;
				CLANG_WARN_OBJC_ROOT_CLASS = YES_ERROR;
				CLANG_WARN_QUOTED_INCLUDE_IN_FRAMEWORK_HEADER = YES;
				CLANG_WARN_RANGE_LOOP_ANALYSIS = YES;
				CLANG_WARN_STRICT_PROTOTYPES = YES;
				CLANG_WARN_SUSPICIOUS_MOVE = YES;
				CLANG_WARN_UNGUARDED_AVAILABILITY = YES_AGGRESSIVE;
				CLANG_WARN_UNREACHABLE_CODE = YES;
				CLANG_WARN__DUPLICATE_METHOD_MATCH = YES;
				COPY_PHASE_STRIP = NO;
				DEBUG_INFORMATION_FORMAT = dwarf;
				ENABLE_STRICT_OBJC_MSGSEND = YES;
				ENABLE_TESTABILITY = YES;
				ENABLE_USER_SCRIPT_SANDBOXING = YES;
				GCC_C_LANGUAGE_STANDARD = gnu17;
				GCC_DYNAMIC_NO_PIC = NO;
				GCC_NO_COMMON_BLOCKS = YES;
				GCC_OPTIMIZATION_LEVEL = 0;
				GCC_PREPROCESSOR_DEFINITIONS = (
					"DEBUG=1",
					"$(inherited)",
				);
				GCC_WARN_64_TO_32_BIT_CONVERSION = YES;
				GCC_WARN_ABOUT_RETURN_TYPE = YES_ERROR;
				GCC_WARN_UNDECLARED_SELECTOR = YES;
				GCC_WARN_UNINITIALIZED_AUTOS = YES_AGGRESSIVE;
				GCC_WARN_UNUSED_FUNCTION = YES;
				GCC_WARN_UNUSED_VARIABLE = YES;
				LOCALIZATION_PREFERS_STRING_CATALOGS = YES;
				MTL_ENABLE_DEBUG_INFO = INCLUDE_SOURCE;
				MTL_FAST_MATH = YES;
				ONLY_ACTIVE_ARCH = YES;
				SWIFT_ACTIVE_COMPILATION_CONDITIONS = "DEBUG $(inherited)";
				SWIFT_OPTIMIZATION_LEVEL = "-Onone";
			};
			name = Debug;
		};
		21BCD0902BF31C0000369840 /* Release */ = {
			isa = XCBuildConfiguration;
			buildSettings = {
				ALWAYS_SEARCH_USER_PATHS = NO;
				ASSETCATALOG_COMPILER_GENERATE_SWIFT_ASSET_SYMBOL_EXTENSIONS = YES;
				CLANG_ANALYZER_NONNULL = YES;
				CLANG_ANALYZER_NUMBER_OBJECT_CONVERSION = YES_AGGRESSIVE;
				CLANG_CXX_LANGUAGE_STANDARD = "gnu++20";
				CLANG_ENABLE_MODULES = YES;
				CLANG_ENABLE_OBJC_ARC = YES;
				CLANG_ENABLE_OBJC_WEAK = YES;
				CLANG_WARN_BLOCK_CAPTURE_AUTORELEASING = YES;
				CLANG_WARN_BOOL_CONVERSION = YES;
				CLANG_WARN_COMMA = YES;
				CLANG_WARN_CONSTANT_CONVERSION = YES;
				CLANG_WARN_DEPRECATED_OBJC_IMPLEMENTATIONS = YES;
				CLANG_WARN_DIRECT_OBJC_ISA_USAGE = YES_ERROR;
				CLANG_WARN_DOCUMENTATION_COMMENTS = YES;
				CLANG_WARN_EMPTY_BODY = YES;
				CLANG_WARN_ENUM_CONVERSION = YES;
				CLANG_WARN_INFINITE_RECURSION = YES;
				CLANG_WARN_INT_CONVERSION = YES;
				CLANG_WARN_NON_LITERAL_NULL_CONVERSION = YES;
				CLANG_WARN_OBJC_IMPLICIT_RETAIN_SELF = YES;
				CLANG_WARN_OBJC_LITERAL_CONVERSION = YES;
				CLANG_WARN_OBJC_ROOT_CLASS = YES_ERROR;
				CLANG_WARN_QUOTED_INCLUDE_IN_FRAMEWORK_HEADER = YES;
				CLANG_WARN_RANGE_LOOP_ANALYSIS = YES;
				CLANG_WARN_STRICT_PROTOTYPES = YES;
				CLANG_WARN_SUSPICIOUS_MOVE = YES;
				CLANG_WARN_UNGUARDED_AVAILABILITY = YES_AGGRESSIVE;
				CLANG_WARN_UNREACHABLE_CODE = YES;
				CLANG_WARN__DUPLICATE_METHOD_MATCH = YES;
				COPY_PHASE_STRIP = NO;
				DEBUG_INFORMATION_FORMAT = "dwarf-with-dsym";
				ENABLE_NS_ASSERTIONS = NO;
				ENABLE_STRICT_OBJC_MSGSEND = YES;
				ENABLE_USER_SCRIPT_SANDBOXING = YES;
				GCC_C_LANGUAGE_STANDARD = gnu17;
				GCC_NO_COMMON_BLOCKS = YES;
				GCC_WARN_64_TO_32_BIT_CONVERSION = YES;
				GCC_WARN_ABOUT_RETURN_TYPE = YES_ERROR;
				GCC_WARN_UNDECLARED_SELECTOR = YES;
				GCC_WARN_UNINITIALIZED_AUTOS = YES_AGGRESSIVE;
				GCC_WARN_UNUSED_FUNCTION = YES;
				GCC_WARN_UNUSED_VARIABLE = YES;
				LOCALIZATION_PREFERS_STRING_CATALOGS = YES;
				MTL_ENABLE_DEBUG_INFO = NO;
				MTL_FAST_MATH = YES;
				SWIFT_COMPILATION_MODE = wholemodule;
			};
			name = Release;
		};
		21BCD0922BF31C0000369840 /* Debug */ = {
			isa = XCBuildConfiguration;
			buildSettings = {
				ASSETCATALOG_COMPILER_APPICON_NAME = AppIcon;
				ASSETCATALOG_COMPILER_GLOBAL_ACCENT_COLOR_NAME = AccentColor;
				CODE_SIGN_STYLE = Automatic;
				CURRENT_PROJECT_VERSION = 1;
				DEVELOPMENT_ASSET_PATHS = "\"What Day? Watch Watch App/Preview Content\"";
				DEVELOPMENT_TEAM = L295MT4VTH;
				ENABLE_PREVIEWS = YES;
				GENERATE_INFOPLIST_FILE = YES;
				INFOPLIST_KEY_CFBundleDisplayName = "What Day? Watch";
				INFOPLIST_KEY_UISupportedInterfaceOrientations = "UIInterfaceOrientationPortrait UIInterfaceOrientationPortraitUpsideDown";
				INFOPLIST_KEY_WKWatchOnly = YES;
				LD_RUNPATH_SEARCH_PATHS = (
					"$(inherited)",
					"@executable_path/Frameworks",
				);
				MARKETING_VERSION = 1.0;
				PRODUCT_BUNDLE_IDENTIFIER = "PieterNatanael.What-Day--Watch.watchkitapp";
				PRODUCT_NAME = "$(TARGET_NAME)";
				SDKROOT = watchos;
				SKIP_INSTALL = YES;
				SWIFT_EMIT_LOC_STRINGS = YES;
				SWIFT_VERSION = 5.0;
				TARGETED_DEVICE_FAMILY = 4;
				WATCHOS_DEPLOYMENT_TARGET = 10.4;
			};
			name = Debug;
		};
		21BCD0932BF31C0000369840 /* Release */ = {
			isa = XCBuildConfiguration;
			buildSettings = {
				ASSETCATALOG_COMPILER_APPICON_NAME = AppIcon;
				ASSETCATALOG_COMPILER_GLOBAL_ACCENT_COLOR_NAME = AccentColor;
				CODE_SIGN_STYLE = Automatic;
				CURRENT_PROJECT_VERSION = 1;
				DEVELOPMENT_ASSET_PATHS = "\"What Day? Watch Watch App/Preview Content\"";
				DEVELOPMENT_TEAM = L295MT4VTH;
				ENABLE_PREVIEWS = YES;
				GENERATE_INFOPLIST_FILE = YES;
				INFOPLIST_KEY_CFBundleDisplayName = "What Day? Watch";
				INFOPLIST_KEY_UISupportedInterfaceOrientations = "UIInterfaceOrientationPortrait UIInterfaceOrientationPortraitUpsideDown";
				INFOPLIST_KEY_WKWatchOnly = YES;
				LD_RUNPATH_SEARCH_PATHS = (
					"$(inherited)",
					"@executable_path/Frameworks",
				);
				MARKETING_VERSION = 1.0;
				PRODUCT_BUNDLE_IDENTIFIER = "PieterNatanael.What-Day--Watch.watchkitapp";
				PRODUCT_NAME = "$(TARGET_NAME)";
				SDKROOT = watchos;
				SKIP_INSTALL = YES;
				SWIFT_EMIT_LOC_STRINGS = YES;
				SWIFT_VERSION = 5.0;
				TARGETED_DEVICE_FAMILY = 4;
				VALIDATE_PRODUCT = YES;
				WATCHOS_DEPLOYMENT_TARGET = 10.4;
			};
			name = Release;
		};
		21BCD0962BF31C0000369840 /* Debug */ = {
			isa = XCBuildConfiguration;
			buildSettings = {
				ALWAYS_EMBED_SWIFT_STANDARD_LIBRARIES = YES;
				CODE_SIGN_STYLE = Automatic;
				CURRENT_PROJECT_VERSION = 1;
				DEVELOPMENT_TEAM = L295MT4VTH;
				INFOPLIST_KEY_CFBundleDisplayName = "What Day? Watch";
				MARKETING_VERSION = 1.0;
				PRODUCT_BUNDLE_IDENTIFIER = "PieterNatanael.What-Day--Watch";
				PRODUCT_NAME = "$(TARGET_NAME)";
				SDKROOT = iphoneos;
				SWIFT_VERSION = 5.0;
			};
			name = Debug;
		};
		21BCD0972BF31C0000369840 /* Release */ = {
			isa = XCBuildConfiguration;
			buildSettings = {
				ALWAYS_EMBED_SWIFT_STANDARD_LIBRARIES = YES;
				CODE_SIGN_STYLE = Automatic;
				CURRENT_PROJECT_VERSION = 1;
				DEVELOPMENT_TEAM = L295MT4VTH;
				INFOPLIST_KEY_CFBundleDisplayName = "What Day? Watch";
				MARKETING_VERSION = 1.0;
				PRODUCT_BUNDLE_IDENTIFIER = "PieterNatanael.What-Day--Watch";
				PRODUCT_NAME = "$(TARGET_NAME)";
				SDKROOT = iphoneos;
				SWIFT_VERSION = 5.0;
				VALIDATE_PRODUCT = YES;
			};
			name = Release;
		};
/* End XCBuildConfiguration section */

/* Begin XCConfigurationList section */
		21BCD0782BF31BFE00369840 /* Build configuration list for PBXProject "What Day? Watch" */ = {
			isa = XCConfigurationList;
			buildConfigurations = (
				21BCD08F2BF31C0000369840 /* Debug */,
				21BCD0902BF31C0000369840 /* Release */,
			);
			defaultConfigurationIsVisible = 0;
			defaultConfigurationName = Release;
		};
		21BCD0912BF31C0000369840 /* Build configuration list for PBXNativeTarget "What Day? Watch Watch App" */ = {
			isa = XCConfigurationList;
			buildConfigurations = (
				21BCD0922BF31C0000369840 /* Debug */,
				21BCD0932BF31C0000369840 /* Release */,
			);
			defaultConfigurationIsVisible = 0;
			defaultConfigurationName = Release;
		};
		21BCD0952BF31C0000369840 /* Build configuration list for PBXNativeTarget "What Day? Watch" */ = {
			isa = XCConfigurationList;
			buildConfigurations = (
				21BCD0962BF31C0000369840 /* Debug */,
				21BCD0972BF31C0000369840 /* Release */,
			);
			defaultConfigurationIsVisible = 0;
			defaultConfigurationName = Release;
		};
/* End XCConfigurationList section */
	};
	rootObject = 21BCD0752BF31BFE00369840 /* Project object */;
}
